
Microsoft Visual Studio Solution File, Format Version 12.00
# Visual Studio Version 16
VisualStudioVersion = 16.0.30523.141
MinimumVisualStudioVersion = 10.0.40219.1
Project("{FAE04EC0-301F-11D3-BF4B-00C04F79EFBC}") = "FigureDetect", "FigureDetect.csproj", "{CBC4161D-1686-491C-926E-692464F388F2}"
EndProject
Global
	GlobalSection(SolutionConfigurationPlatforms) = preSolution
		Debug|Any CPU = Debug|Any CPU
		Release|Any CPU = Release|Any CPU
	EndGlobalSection
	GlobalSection(ProjectConfigurationPlatforms) = postSolution
		{CBC4161D-1686-491C-926E-692464F388F2}.Debug|Any CPU.ActiveCfg = Debug|Any CPU
		{CBC4161D-1686-491C-926E-692464F388F2}.Debug|Any CPU.Build.0 = Debug|Any CPU
		{CBC4161D-1686-491C-926E-692464F388F2}.Release|Any CPU.ActiveCfg = Release|Any CPU
		{CBC4161D-1686-491C-926E-692464F388F2}.Release|Any CPU.Build.0 = Release|Any CPU
	EndGlobalSection
	GlobalSection(SolutionProperties) = preSolution
		HideSolutionNode = FALSE
	EndGlobalSection
	GlobalSection(ExtensibilityGlobals) = postSolution
		SolutionGuid = {602B8EF0-36B9-4D28-B3DE-ABAC9EE24ED2}
	EndGlobalSection
EndGlobal
